
Microsoft Visual Studio Solution File, Format Version 12.00
# Visual Studio Version 17
VisualStudioVersion = 17.12.35506.116 d17.12
MinimumVisualStudioVersion = 10.0.40219.1
Project("{FAE04EC0-301F-11D3-BF4B-00C04F79EFBC}") = "GUI", "QuanLyChiTieuCaNhan\GUI.csproj", "{857399E5-A062-4287-9C9A-A81C499EA84C}"
EndProject
Project("{FAE04EC0-301F-11D3-BF4B-00C04F79EFBC}") = "DAL", "DAL\DAL.csproj", "{E1B23ED3-D885-4709-869F-F6B9815E8ABD}"
EndProject
Project("{FAE04EC0-301F-11D3-BF4B-00C04F79EFBC}") = "BLL", "BLL\BLL.csproj", "{5F2DB7FA-1E3E-4099-90D0-F6D146E89ED9}"
EndProject
Global
	GlobalSection(SolutionConfigurationPlatforms) = preSolution
		Debug|Any CPU = Debug|Any CPU
		Release|Any CPU = Release|Any CPU
	EndGlobalSection
	GlobalSection(ProjectConfigurationPlatforms) = postSolution
		{857399E5-A062-4287-9C9A-A81C499EA84C}.Debug|Any CPU.ActiveCfg = Debug|Any CPU
		{857399E5-A062-4287-9C9A-A81C499EA84C}.Debug|Any CPU.Build.0 = Debug|Any CPU
		{857399E5-A062-4287-9C9A-A81C499EA84C}.Release|Any CPU.ActiveCfg = Release|Any CPU
		{857399E5-A062-4287-9C9A-A81C499EA84C}.Release|Any CPU.Build.0 = Release|Any CPU
		{E1B23ED3-D885-4709-869F-F6B9815E8ABD}.Debug|Any CPU.ActiveCfg = Debug|Any CPU
		{E1B23ED3-D885-4709-869F-F6B9815E8ABD}.Debug|Any CPU.Build.0 = Debug|Any CPU
		{E1B23ED3-D885-4709-869F-F6B9815E8ABD}.Release|Any CPU.ActiveCfg = Release|Any CPU
		{E1B23ED3-D885-4709-869F-F6B9815E8ABD}.Release|Any CPU.Build.0 = Release|Any CPU
		{5F2DB7FA-1E3E-4099-90D0-F6D146E89ED9}.Debug|Any CPU.ActiveCfg = Debug|Any CPU
		{5F2DB7FA-1E3E-4099-90D0-F6D146E89ED9}.Debug|Any CPU.Build.0 = Debug|Any CPU
		{5F2DB7FA-1E3E-4099-90D0-F6D146E89ED9}.Release|Any CPU.ActiveCfg = Release|Any CPU
		{5F2DB7FA-1E3E-4099-90D0-F6D146E89ED9}.Release|Any CPU.Build.0 = Release|Any CPU
	EndGlobalSection
	GlobalSection(SolutionProperties) = preSolution
		HideSolutionNode = FALSE
	EndGlobalSection
EndGlobal
